
Microsoft Visual Studio Solution File, Format Version 12.00
# Visual Studio 15
VisualStudioVersion = 15.0.27428.2027
MinimumVisualStudioVersion = 10.0.40219.1
Project("{8BC9CEB8-8B4A-11D0-8D11-00A0C91BC942}") = "Train", "Train\Train.vcxproj", "{0A8CD2DD-C331-438C-8962-66755B781932}"
EndProject
Global
	GlobalSection(SolutionConfigurationPlatforms) = preSolution
		Debug|x64 = Debug|x64
		Debug|x86 = Debug|x86
		Release|x64 = Release|x64
		Release|x86 = Release|x86
	EndGlobalSection
	GlobalSection(ProjectConfigurationPlatforms) = postSolution
		{0A8CD2DD-C331-438C-8962-66755B781932}.Debug|x64.ActiveCfg = Debug|x64
		{0A8CD2DD-C331-438C-8962-66755B781932}.Debug|x64.Build.0 = Debug|x64
		{0A8CD2DD-C331-438C-8962-66755B781932}.Debug|x86.ActiveCfg = Debug|Win32
		{0A8CD2DD-C331-438C-8962-66755B781932}.Debug|x86.Build.0 = Debug|Win32
		{0A8CD2DD-C331-438C-8962-66755B781932}.Release|x64.ActiveCfg = Release|x64
		{0A8CD2DD-C331-438C-8962-66755B781932}.Release|x64.Build.0 = Release|x64
		{0A8CD2DD-C331-438C-8962-66755B781932}.Release|x86.ActiveCfg = Release|Win32
		{0A8CD2DD-C331-438C-8962-66755B781932}.Release|x86.Build.0 = Release|Win32
	EndGlobalSection
	GlobalSection(SolutionProperties) = preSolution
		HideSolutionNode = FALSE
	EndGlobalSection
	GlobalSection(ExtensibilityGlobals) = postSolution
		SolutionGuid = {51D66321-FD14-40E5-99CE-61E507B9855D}
	EndGlobalSection
EndGlobal
